
Microsoft Visual Studio Solution File, Format Version 12.00
# Visual Studio 15
VisualStudioVersion = 15.0.28010.2041
MinimumVisualStudioVersion = 10.0.40219.1
Project("{8BC9CEB8-8B4A-11D0-8D11-00A0C91BC942}") = "eglib", "Unity-2018.2.8\msvc\eglib.vcxproj", "{158073ED-99AE-4196-9EDC-DDB2344F8466}"
EndProject
Project("{8BC9CEB8-8B4A-11D0-8D11-00A0C91BC942}") = "genmdesc", "Unity-2018.2.8\msvc\genmdesc.vcxproj", "{B7098DFA-31E6-4006-8A15-1C9A4E925149}"
EndProject
Project("{8BC9CEB8-8B4A-11D0-8D11-00A0C91BC942}") = "libgc", "Unity-2018.2.8\msvc\libgc.vcxproj", "{EB56000B-C80B-4E8B-908D-D84D31B517D3}"
EndProject
Project("{8BC9CEB8-8B4A-11D0-8D11-00A0C91BC942}") = "libmono", "Unity-2018.2.8\msvc\libmono.vcxproj", "{CB0D9E92-293C-439C-9AC7-C5F59B6E0771}"
EndProject
Global
	GlobalSection(SolutionConfigurationPlatforms) = preSolution
		Debug_eglib|x64 = Debug_eglib|x64
		Debug_eglib|x86 = Debug_eglib|x86
		Debug|x64 = Debug|x64
		Debug|x86 = Debug|x86
		Release_eglib_xarm|x64 = Release_eglib_xarm|x64
		Release_eglib_xarm|x86 = Release_eglib_xarm|x86
		Release_eglib|x64 = Release_eglib|x64
		Release_eglib|x86 = Release_eglib|x86
		Release|x64 = Release|x64
		Release|x86 = Release|x86
	EndGlobalSection
	GlobalSection(ProjectConfigurationPlatforms) = postSolution
		{158073ED-99AE-4196-9EDC-DDB2344F8466}.Debug_eglib|x64.ActiveCfg = Debug_eglib|x64
		{158073ED-99AE-4196-9EDC-DDB2344F8466}.Debug_eglib|x64.Build.0 = Debug_eglib|x64
		{158073ED-99AE-4196-9EDC-DDB2344F8466}.Debug_eglib|x86.ActiveCfg = Debug_eglib|Win32
		{158073ED-99AE-4196-9EDC-DDB2344F8466}.Debug_eglib|x86.Build.0 = Debug_eglib|Win32
		{158073ED-99AE-4196-9EDC-DDB2344F8466}.Debug|x64.ActiveCfg = Debug|x64
		{158073ED-99AE-4196-9EDC-DDB2344F8466}.Debug|x64.Build.0 = Debug|x64
		{158073ED-99AE-4196-9EDC-DDB2344F8466}.Debug|x86.ActiveCfg = Debug|Win32
		{158073ED-99AE-4196-9EDC-DDB2344F8466}.Debug|x86.Build.0 = Debug|Win32
		{158073ED-99AE-4196-9EDC-DDB2344F8466}.Release_eglib_xarm|x64.ActiveCfg = Release_eglib_xarm|x64
		{158073ED-99AE-4196-9EDC-DDB2344F8466}.Release_eglib_xarm|x64.Build.0 = Release_eglib_xarm|x64
		{158073ED-99AE-4196-9EDC-DDB2344F8466}.Release_eglib_xarm|x86.ActiveCfg = Release_eglib_xarm|Win32
		{158073ED-99AE-4196-9EDC-DDB2344F8466}.Release_eglib_xarm|x86.Build.0 = Release_eglib_xarm|Win32
		{158073ED-99AE-4196-9EDC-DDB2344F8466}.Release_eglib|x64.ActiveCfg = Release_eglib|x64
		{158073ED-99AE-4196-9EDC-DDB2344F8466}.Release_eglib|x64.Build.0 = Release_eglib|x64
		{158073ED-99AE-4196-9EDC-DDB2344F8466}.Release_eglib|x86.ActiveCfg = Release_eglib|Win32
		{158073ED-99AE-4196-9EDC-DDB2344F8466}.Release_eglib|x86.Build.0 = Release_eglib|Win32
		{158073ED-99AE-4196-9EDC-DDB2344F8466}.Release|x64.ActiveCfg = Release|x64
		{158073ED-99AE-4196-9EDC-DDB2344F8466}.Release|x64.Build.0 = Release|x64
		{158073ED-99AE-4196-9EDC-DDB2344F8466}.Release|x86.ActiveCfg = Release|Win32
		{158073ED-99AE-4196-9EDC-DDB2344F8466}.Release|x86.Build.0 = Release|Win32
		{B7098DFA-31E6-4006-8A15-1C9A4E925149}.Debug_eglib|x64.ActiveCfg = Debug_eglib|x64
		{B7098DFA-31E6-4006-8A15-1C9A4E925149}.Debug_eglib|x64.Build.0 = Debug_eglib|x64
		{B7098DFA-31E6-4006-8A15-1C9A4E925149}.Debug_eglib|x86.ActiveCfg = Debug_eglib|Win32
		{B7098DFA-31E6-4006-8A15-1C9A4E925149}.Debug_eglib|x86.Build.0 = Debug_eglib|Win32
		{B7098DFA-31E6-4006-8A15-1C9A4E925149}.Debug|x64.ActiveCfg = Debug|x64
		{B7098DFA-31E6-4006-8A15-1C9A4E925149}.Debug|x64.Build.0 = Debug|x64
		{B7098DFA-31E6-4006-8A15-1C9A4E925149}.Debug|x86.ActiveCfg = Debug|Win32
		{B7098DFA-31E6-4006-8A15-1C9A4E925149}.Debug|x86.Build.0 = Debug|Win32
		{B7098DFA-31E6-4006-8A15-1C9A4E925149}.Release_eglib_xarm|x64.ActiveCfg = Release_eglib_xarm|x64
		{B7098DFA-31E6-4006-8A15-1C9A4E925149}.Release_eglib_xarm|x64.Build.0 = Release_eglib_xarm|x64
		{B7098DFA-31E6-4006-8A15-1C9A4E925149}.Release_eglib_xarm|x86.ActiveCfg = Release_eglib_xarm|Win32
		{B7098DFA-31E6-4006-8A15-1C9A4E925149}.Release_eglib_xarm|x86.Build.0 = Release_eglib_xarm|Win32
		{B7098DFA-31E6-4006-8A15-1C9A4E925149}.Release_eglib|x64.ActiveCfg = Release_eglib|x64
		{B7098DFA-31E6-4006-8A15-1C9A4E925149}.Release_eglib|x64.Build.0 = Release_eglib|x64
		{B7098DFA-31E6-4006-8A15-1C9A4E925149}.Release_eglib|x86.ActiveCfg = Release_eglib|Win32
		{B7098DFA-31E6-4006-8A15-1C9A4E925149}.Release_eglib|x86.Build.0 = Release_eglib|Win32
		{B7098DFA-31E6-4006-8A15-1C9A4E925149}.Release|x64.ActiveCfg = Release|x64
		{B7098DFA-31E6-4006-8A15-1C9A4E925149}.Release|x64.Build.0 = Release|x64
		{B7098DFA-31E6-4006-8A15-1C9A4E925149}.Release|x86.ActiveCfg = Release|Win32
		{B7098DFA-31E6-4006-8A15-1C9A4E925149}.Release|x86.Build.0 = Release|Win32
		{EB56000B-C80B-4E8B-908D-D84D31B517D3}.Debug_eglib|x64.ActiveCfg = Debug_eglib|x64
		{EB56000B-C80B-4E8B-908D-D84D31B517D3}.Debug_eglib|x64.Build.0 = Debug_eglib|x64
		{EB56000B-C80B-4E8B-908D-D84D31B517D3}.Debug_eglib|x86.ActiveCfg = Debug_eglib|Win32
		{EB56000B-C80B-4E8B-908D-D84D31B517D3}.Debug_eglib|x86.Build.0 = Debug_eglib|Win32
		{EB56000B-C80B-4E8B-908D-D84D31B517D3}.Debug|x64.ActiveCfg = Debug|x64
		{EB56000B-C80B-4E8B-908D-D84D31B517D3}.Debug|x64.Build.0 = Debug|x64
		{EB56000B-C80B-4E8B-908D-D84D31B517D3}.Debug|x86.ActiveCfg = Debug|Win32
		{EB56000B-C80B-4E8B-908D-D84D31B517D3}.Debug|x86.Build.0 = Debug|Win32
		{EB56000B-C80B-4E8B-908D-D84D31B517D3}.Release_eglib_xarm|x64.ActiveCfg = Release_eglib_xarm|x64
		{EB56000B-C80B-4E8B-908D-D84D31B517D3}.Release_eglib_xarm|x64.Build.0 = Release_eglib_xarm|x64
		{EB56000B-C80B-4E8B-908D-D84D31B517D3}.Release_eglib_xarm|x86.ActiveCfg = Release_eglib_xarm|Win32
		{EB56000B-C80B-4E8B-908D-D84D31B517D3}.Release_eglib_xarm|x86.Build.0 = Release_eglib_xarm|Win32
		{EB56000B-C80B-4E8B-908D-D84D31B517D3}.Release_eglib|x64.ActiveCfg = Release_eglib|x64
		{EB56000B-C80B-4E8B-908D-D84D31B517D3}.Release_eglib|x64.Build.0 = Release_eglib|x64
		{EB56000B-C80B-4E8B-908D-D84D31B517D3}.Release_eglib|x86.ActiveCfg = Release_eglib|Win32
		{EB56000B-C80B-4E8B-908D-D84D31B517D3}.Release_eglib|x86.Build.0 = Release_eglib|Win32
		{EB56000B-C80B-4E8B-908D-D84D31B517D3}.Release|x64.ActiveCfg = Release|x64
		{EB56000B-C80B-4E8B-908D-D84D31B517D3}.Release|x64.Build.0 = Release|x64
		{EB56000B-C80B-4E8B-908D-D84D31B517D3}.Release|x86.ActiveCfg = Release|Win32
		{EB56000B-C80B-4E8B-908D-D84D31B517D3}.Release|x86.Build.0 = Release|Win32
		{CB0D9E92-293C-439C-9AC7-C5F59B6E0771}.Debug_eglib|x64.ActiveCfg = Debug_eglib|x64
		{CB0D9E92-293C-439C-9AC7-C5F59B6E0771}.Debug_eglib|x64.Build.0 = Debug_eglib|x64
		{CB0D9E92-293C-439C-9AC7-C5F59B6E0771}.Debug_eglib|x86.ActiveCfg = Debug_eglib|Win32
		{CB0D9E92-293C-439C-9AC7-C5F59B6E0771}.Debug_eglib|x86.Build.0 = Debug_eglib|Win32
		{CB0D9E92-293C-439C-9AC7-C5F59B6E0771}.Debug|x64.ActiveCfg = Debug|x64
		{CB0D9E92-293C-439C-9AC7-C5F59B6E0771}.Debug|x64.Build.0 = Debug|x64
		{CB0D9E92-293C-439C-9AC7-C5F59B6E0771}.Debug|x86.ActiveCfg = Debug|Win32
		{CB0D9E92-293C-439C-9AC7-C5F59B6E0771}.Debug|x86.Build.0 = Debug|Win32
		{CB0D9E92-293C-439C-9AC7-C5F59B6E0771}.Release_eglib_xarm|x64.ActiveCfg = Release_eglib_xarm|x64
		{CB0D9E92-293C-439C-9AC7-C5F59B6E0771}.Release_eglib_xarm|x64.Build.0 = Release_eglib_xarm|x64
		{CB0D9E92-293C-439C-9AC7-C5F59B6E0771}.Release_eglib_xarm|x86.ActiveCfg = Release_eglib_xarm|Win32
		{CB0D9E92-293C-439C-9AC7-C5F59B6E0771}.Release_eglib_xarm|x86.Build.0 = Release_eglib_xarm|Win32
		{CB0D9E92-293C-439C-9AC7-C5F59B6E0771}.Release_eglib|x64.ActiveCfg = Release_eglib|x64
		{CB0D9E92-293C-439C-9AC7-C5F59B6E0771}.Release_eglib|x64.Build.0 = Release_eglib|x64
		{CB0D9E92-293C-439C-9AC7-C5F59B6E0771}.Release_eglib|x86.ActiveCfg = Release_eglib|Win32
		{CB0D9E92-293C-439C-9AC7-C5F59B6E0771}.Release_eglib|x86.Build.0 = Release_eglib|Win32
		{CB0D9E92-293C-439C-9AC7-C5F59B6E0771}.Release|x64.ActiveCfg = Release|x64
		{CB0D9E92-293C-439C-9AC7-C5F59B6E0771}.Release|x64.Build.0 = Release|x64
		{CB0D9E92-293C-439C-9AC7-C5F59B6E0771}.Release|x86.ActiveCfg = Release|Win32
		{CB0D9E92-293C-439C-9AC7-C5F59B6E0771}.Release|x86.Build.0 = Release|Win32
	EndGlobalSection
	GlobalSection(SolutionProperties) = preSolution
		HideSolutionNode = FALSE
	EndGlobalSection
	GlobalSection(ExtensibilityGlobals) = postSolution
		SolutionGuid = {B8E5BD1A-407C-495B-B9E9-E6D30F7F9979}
	EndGlobalSection
EndGlobal
